
Microsoft Visual Studio Solution File, Format Version 12.00
# Visual Studio Version 17
VisualStudioVersion = 17.1.32414.318
MinimumVisualStudioVersion = 10.0.40219.1
Project("{FAE04EC0-301F-11D3-BF4B-00C04F79EFBC}") = "RentalSystem", "RentalSystem\RentalSystem.csproj", "{C210FAAA-A8AA-480A-8340-13BEEBA8B6C6}"
EndProject
Project("{FAE04EC0-301F-11D3-BF4B-00C04F79EFBC}") = "RentalSystemData", "RentalSystemData\RentalSystemData.csproj", "{D1DA75B9-C551-4366-8E25-E402AFC30A2F}"
EndProject
Global
	GlobalSection(SolutionConfigurationPlatforms) = preSolution
		Debug|Any CPU = Debug|Any CPU
		Release|Any CPU = Release|Any CPU
	EndGlobalSection
	GlobalSection(ProjectConfigurationPlatforms) = postSolution
		{C210FAAA-A8AA-480A-8340-13BEEBA8B6C6}.Debug|Any CPU.ActiveCfg = Debug|Any CPU
		{C210FAAA-A8AA-480A-8340-13BEEBA8B6C6}.Debug|Any CPU.Build.0 = Debug|Any CPU
		{C210FAAA-A8AA-480A-8340-13BEEBA8B6C6}.Release|Any CPU.ActiveCfg = Release|Any CPU
		{C210FAAA-A8AA-480A-8340-13BEEBA8B6C6}.Release|Any CPU.Build.0 = Release|Any CPU
		{D1DA75B9-C551-4366-8E25-E402AFC30A2F}.Debug|Any CPU.ActiveCfg = Debug|Any CPU
		{D1DA75B9-C551-4366-8E25-E402AFC30A2F}.Debug|Any CPU.Build.0 = Debug|Any CPU
		{D1DA75B9-C551-4366-8E25-E402AFC30A2F}.Release|Any CPU.ActiveCfg = Release|Any CPU
		{D1DA75B9-C551-4366-8E25-E402AFC30A2F}.Release|Any CPU.Build.0 = Release|Any CPU
	EndGlobalSection
	GlobalSection(SolutionProperties) = preSolution
		HideSolutionNode = FALSE
	EndGlobalSection
	GlobalSection(ExtensibilityGlobals) = postSolution
		SolutionGuid = {0DF96E95-C2F4-4315-B192-C8801AA2FFFD}
	EndGlobalSection
EndGlobal
